
Microsoft Visual Studio Solution File, Format Version 12.00
# Visual Studio Version 16
VisualStudioVersion = 16.0.30804.86
MinimumVisualStudioVersion = 10.0.40219.1
Project("{FAE04EC0-301F-11D3-BF4B-00C04F79EFBC}") = "DotNetCoreConsoleLogging", "DotNetCoreConsoleLogging\DotNetCoreConsoleLogging.csproj", "{316168F4-8D75-4E92-9891-3A2651536022}"
EndProject
Global
	GlobalSection(SolutionConfigurationPlatforms) = preSolution
		Debug|Any CPU = Debug|Any CPU
		Release|Any CPU = Release|Any CPU
	EndGlobalSection
	GlobalSection(ProjectConfigurationPlatforms) = postSolution
		{316168F4-8D75-4E92-9891-3A2651536022}.Debug|Any CPU.ActiveCfg = Debug|Any CPU
		{316168F4-8D75-4E92-9891-3A2651536022}.Debug|Any CPU.Build.0 = Debug|Any CPU
		{316168F4-8D75-4E92-9891-3A2651536022}.Release|Any CPU.ActiveCfg = Release|Any CPU
		{316168F4-8D75-4E92-9891-3A2651536022}.Release|Any CPU.Build.0 = Release|Any CPU
	EndGlobalSection
	GlobalSection(SolutionProperties) = preSolution
		HideSolutionNode = FALSE
	EndGlobalSection
	GlobalSection(ExtensibilityGlobals) = postSolution
		SolutionGuid = {7E41321F-C906-4452-AF91-C8581BEE813D}
	EndGlobalSection
EndGlobal
